
Microsoft Visual Studio Solution File, Format Version 12.00
# Visual Studio Version 16
VisualStudioVersion = 16.0.30413.136
MinimumVisualStudioVersion = 10.0.40219.1
Project("{FAE04EC0-301F-11D3-BF4B-00C04F79EFBC}") = "BananaScrape", "BananaScrape.csproj", "{96707703-6B00-4870-AE44-FDD6A19FAB90}"
EndProject
Global
	GlobalSection(SolutionConfigurationPlatforms) = preSolution
		Debug|Any CPU = Debug|Any CPU
		Release|Any CPU = Release|Any CPU
	EndGlobalSection
	GlobalSection(ProjectConfigurationPlatforms) = postSolution
		{96707703-6B00-4870-AE44-FDD6A19FAB90}.Debug|Any CPU.ActiveCfg = Debug|Any CPU
		{96707703-6B00-4870-AE44-FDD6A19FAB90}.Debug|Any CPU.Build.0 = Debug|Any CPU
		{96707703-6B00-4870-AE44-FDD6A19FAB90}.Release|Any CPU.ActiveCfg = Release|Any CPU
		{96707703-6B00-4870-AE44-FDD6A19FAB90}.Release|Any CPU.Build.0 = Release|Any CPU
	EndGlobalSection
	GlobalSection(SolutionProperties) = preSolution
		HideSolutionNode = FALSE
	EndGlobalSection
	GlobalSection(ExtensibilityGlobals) = postSolution
		SolutionGuid = {B530591E-8E19-4B8A-8463-76D46F33A6E0}
	EndGlobalSection
EndGlobal
